
Microsoft Visual Studio Solution File, Format Version 12.00
# Visual Studio Version 16
VisualStudioVersion = 16.0.31129.286
MinimumVisualStudioVersion = 10.0.40219.1
Project("{9A19103F-16F7-4668-BE54-9A1E7A4F7556}") = "ConsoleApp1_funWithSequences1", "ConsoleApp1_funWithSequences1\ConsoleApp1_funWithSequences1.csproj", "{8B66B74D-2346-419F-AC30-47C24BAEBEA8}"
EndProject
Project("{9A19103F-16F7-4668-BE54-9A1E7A4F7556}") = "ConsoleApp2_funWithSequences2", "ConsoleApp2_funWithSequences2\ConsoleApp2_funWithSequences2.csproj", "{53244A09-3DFE-433D-BADC-D80C6622CAE8}"
EndProject
Project("{9A19103F-16F7-4668-BE54-9A1E7A4F7556}") = "ConsoleApp3_funWithSequences3", "ConsoleApp3_funWithSequences3\ConsoleApp3_funWithSequences3.csproj", "{F6F5054B-76F0-4D6A-8A74-398BDB62BBFE}"
EndProject
Project("{9A19103F-16F7-4668-BE54-9A1E7A4F7556}") = "ConsoleApp4_funWithSequences4", "ConsoleApp4_funWithSequences4\ConsoleApp4_funWithSequences4.csproj", "{1234AE33-210B-469A-8718-835051BA68C4}"
EndProject
Project("{9A19103F-16F7-4668-BE54-9A1E7A4F7556}") = "ConsoleApp5_funWithSequences5", "ConsoleApp5_funWithSequences5\ConsoleApp5_funWithSequences5.csproj", "{76D6D83B-A847-4D20-9975-9D5328851F9C}"
EndProject
Project("{9A19103F-16F7-4668-BE54-9A1E7A4F7556}") = "ConsoleApp6_funWithSequences6", "ConsoleApp6_funWithSequences6\ConsoleApp6_funWithSequences6.csproj", "{ACFB1464-8C3F-486B-9AAB-F7A99EB74628}"
EndProject
Project("{9A19103F-16F7-4668-BE54-9A1E7A4F7556}") = "ConsoleApp7_funWithSequences7", "ConsoleApp7_funWithSequences7\ConsoleApp7_funWithSequences7.csproj", "{B2C1653B-D084-4C1C-871A-988F3CAD442E}"
EndProject
Project("{9A19103F-16F7-4668-BE54-9A1E7A4F7556}") = "ConsoleApp8_ledNumbers", "ConsoleApp8_ledNumbers\ConsoleApp8_ledNumbers.csproj", "{C42DE7BD-8EC4-4761-BC11-7E05D5AB47E1}"
EndProject
Project("{9A19103F-16F7-4668-BE54-9A1E7A4F7556}") = "ConsoleApp9_DIGNUM", "ConsoleApp9_DIGNUM\ConsoleApp9_DIGNUM.csproj", "{5FD358DB-A931-4C2C-ADFB-7BD30F485C69}"
EndProject
Project("{FAE04EC0-301F-11D3-BF4B-00C04F79EFBC}") = "ConsoleApp10_characterPatterns1", "ConsoleApp10_characterPatterns1\ConsoleApp10_characterPatterns1.csproj", "{CD0F8305-8F54-4453-84D8-47BD2912FF5F}"
EndProject
Project("{FAE04EC0-301F-11D3-BF4B-00C04F79EFBC}") = "ConsoleApp11_characterPatterns2", "ConsoleApp11_characterPatterns2\ConsoleApp11_characterPatterns2.csproj", "{F116FFC2-2358-4895-9B2F-CB2D929F43C6}"
EndProject
Global
	GlobalSection(SolutionConfigurationPlatforms) = preSolution
		Debug|Any CPU = Debug|Any CPU
		Release|Any CPU = Release|Any CPU
	EndGlobalSection
	GlobalSection(ProjectConfigurationPlatforms) = postSolution
		{8B66B74D-2346-419F-AC30-47C24BAEBEA8}.Debug|Any CPU.ActiveCfg = Debug|Any CPU
		{8B66B74D-2346-419F-AC30-47C24BAEBEA8}.Debug|Any CPU.Build.0 = Debug|Any CPU
		{8B66B74D-2346-419F-AC30-47C24BAEBEA8}.Release|Any CPU.ActiveCfg = Release|Any CPU
		{8B66B74D-2346-419F-AC30-47C24BAEBEA8}.Release|Any CPU.Build.0 = Release|Any CPU
		{53244A09-3DFE-433D-BADC-D80C6622CAE8}.Debug|Any CPU.ActiveCfg = Debug|Any CPU
		{53244A09-3DFE-433D-BADC-D80C6622CAE8}.Debug|Any CPU.Build.0 = Debug|Any CPU
		{53244A09-3DFE-433D-BADC-D80C6622CAE8}.Release|Any CPU.ActiveCfg = Release|Any CPU
		{53244A09-3DFE-433D-BADC-D80C6622CAE8}.Release|Any CPU.Build.0 = Release|Any CPU
		{F6F5054B-76F0-4D6A-8A74-398BDB62BBFE}.Debug|Any CPU.ActiveCfg = Debug|Any CPU
		{F6F5054B-76F0-4D6A-8A74-398BDB62BBFE}.Debug|Any CPU.Build.0 = Debug|Any CPU
		{F6F5054B-76F0-4D6A-8A74-398BDB62BBFE}.Release|Any CPU.ActiveCfg = Release|Any CPU
		{F6F5054B-76F0-4D6A-8A74-398BDB62BBFE}.Release|Any CPU.Build.0 = Release|Any CPU
		{1234AE33-210B-469A-8718-835051BA68C4}.Debug|Any CPU.ActiveCfg = Debug|Any CPU
		{1234AE33-210B-469A-8718-835051BA68C4}.Debug|Any CPU.Build.0 = Debug|Any CPU
		{1234AE33-210B-469A-8718-835051BA68C4}.Release|Any CPU.ActiveCfg = Release|Any CPU
		{1234AE33-210B-469A-8718-835051BA68C4}.Release|Any CPU.Build.0 = Release|Any CPU
		{76D6D83B-A847-4D20-9975-9D5328851F9C}.Debug|Any CPU.ActiveCfg = Debug|Any CPU
		{76D6D83B-A847-4D20-9975-9D5328851F9C}.Debug|Any CPU.Build.0 = Debug|Any CPU
		{76D6D83B-A847-4D20-9975-9D5328851F9C}.Release|Any CPU.ActiveCfg = Release|Any CPU
		{76D6D83B-A847-4D20-9975-9D5328851F9C}.Release|Any CPU.Build.0 = Release|Any CPU
		{ACFB1464-8C3F-486B-9AAB-F7A99EB74628}.Debug|Any CPU.ActiveCfg = Debug|Any CPU
		{ACFB1464-8C3F-486B-9AAB-F7A99EB74628}.Debug|Any CPU.Build.0 = Debug|Any CPU
		{ACFB1464-8C3F-486B-9AAB-F7A99EB74628}.Release|Any CPU.ActiveCfg = Release|Any CPU
		{ACFB1464-8C3F-486B-9AAB-F7A99EB74628}.Release|Any CPU.Build.0 = Release|Any CPU
		{B2C1653B-D084-4C1C-871A-988F3CAD442E}.Debug|Any CPU.ActiveCfg = Debug|Any CPU
		{B2C1653B-D084-4C1C-871A-988F3CAD442E}.Debug|Any CPU.Build.0 = Debug|Any CPU
		{B2C1653B-D084-4C1C-871A-988F3CAD442E}.Release|Any CPU.ActiveCfg = Release|Any CPU
		{B2C1653B-D084-4C1C-871A-988F3CAD442E}.Release|Any CPU.Build.0 = Release|Any CPU
		{C42DE7BD-8EC4-4761-BC11-7E05D5AB47E1}.Debug|Any CPU.ActiveCfg = Debug|Any CPU
		{C42DE7BD-8EC4-4761-BC11-7E05D5AB47E1}.Debug|Any CPU.Build.0 = Debug|Any CPU
		{C42DE7BD-8EC4-4761-BC11-7E05D5AB47E1}.Release|Any CPU.ActiveCfg = Release|Any CPU
		{C42DE7BD-8EC4-4761-BC11-7E05D5AB47E1}.Release|Any CPU.Build.0 = Release|Any CPU
		{5FD358DB-A931-4C2C-ADFB-7BD30F485C69}.Debug|Any CPU.ActiveCfg = Debug|Any CPU
		{5FD358DB-A931-4C2C-ADFB-7BD30F485C69}.Debug|Any CPU.Build.0 = Debug|Any CPU
		{5FD358DB-A931-4C2C-ADFB-7BD30F485C69}.Release|Any CPU.ActiveCfg = Release|Any CPU
		{5FD358DB-A931-4C2C-ADFB-7BD30F485C69}.Release|Any CPU.Build.0 = Release|Any CPU
		{CD0F8305-8F54-4453-84D8-47BD2912FF5F}.Debug|Any CPU.ActiveCfg = Debug|Any CPU
		{CD0F8305-8F54-4453-84D8-47BD2912FF5F}.Debug|Any CPU.Build.0 = Debug|Any CPU
		{CD0F8305-8F54-4453-84D8-47BD2912FF5F}.Release|Any CPU.ActiveCfg = Release|Any CPU
		{CD0F8305-8F54-4453-84D8-47BD2912FF5F}.Release|Any CPU.Build.0 = Release|Any CPU
		{F116FFC2-2358-4895-9B2F-CB2D929F43C6}.Debug|Any CPU.ActiveCfg = Debug|Any CPU
		{F116FFC2-2358-4895-9B2F-CB2D929F43C6}.Debug|Any CPU.Build.0 = Debug|Any CPU
		{F116FFC2-2358-4895-9B2F-CB2D929F43C6}.Release|Any CPU.ActiveCfg = Release|Any CPU
		{F116FFC2-2358-4895-9B2F-CB2D929F43C6}.Release|Any CPU.Build.0 = Release|Any CPU
	EndGlobalSection
	GlobalSection(SolutionProperties) = preSolution
		HideSolutionNode = FALSE
	EndGlobalSection
	GlobalSection(ExtensibilityGlobals) = postSolution
		SolutionGuid = {98BEB659-BB8C-44F7-9435-A43220F29B04}
	EndGlobalSection
EndGlobal
