
Microsoft Visual Studio Solution File, Format Version 12.00
# Visual Studio Version 16
VisualStudioVersion = 16.0.31129.286
MinimumVisualStudioVersion = 10.0.40219.1
Project("{FAE04EC0-301F-11D3-BF4B-00C04F79EFBC}") = "ConsoleApp1_funWithSequences1", "ConsoleApp1_funWithSequences1\ConsoleApp1_funWithSequences1.csproj", "{8B66B74D-2346-419F-AC30-47C24BAEBEA8}"
EndProject
Project("{FAE04EC0-301F-11D3-BF4B-00C04F79EFBC}") = "ConsoleApp2_funWithSequences2", "ConsoleApp2_funWithSequences2\ConsoleApp2_funWithSequences2.csproj", "{53244A09-3DFE-433D-BADC-D80C6622CAE8}"
EndProject
Global
	GlobalSection(SolutionConfigurationPlatforms) = preSolution
		Debug|Any CPU = Debug|Any CPU
		Release|Any CPU = Release|Any CPU
	EndGlobalSection
	GlobalSection(ProjectConfigurationPlatforms) = postSolution
		{8B66B74D-2346-419F-AC30-47C24BAEBEA8}.Debug|Any CPU.ActiveCfg = Debug|Any CPU
		{8B66B74D-2346-419F-AC30-47C24BAEBEA8}.Debug|Any CPU.Build.0 = Debug|Any CPU
		{8B66B74D-2346-419F-AC30-47C24BAEBEA8}.Release|Any CPU.ActiveCfg = Release|Any CPU
		{8B66B74D-2346-419F-AC30-47C24BAEBEA8}.Release|Any CPU.Build.0 = Release|Any CPU
		{53244A09-3DFE-433D-BADC-D80C6622CAE8}.Debug|Any CPU.ActiveCfg = Debug|Any CPU
		{53244A09-3DFE-433D-BADC-D80C6622CAE8}.Debug|Any CPU.Build.0 = Debug|Any CPU
		{53244A09-3DFE-433D-BADC-D80C6622CAE8}.Release|Any CPU.ActiveCfg = Release|Any CPU
		{53244A09-3DFE-433D-BADC-D80C6622CAE8}.Release|Any CPU.Build.0 = Release|Any CPU
	EndGlobalSection
	GlobalSection(SolutionProperties) = preSolution
		HideSolutionNode = FALSE
	EndGlobalSection
	GlobalSection(ExtensibilityGlobals) = postSolution
		SolutionGuid = {98BEB659-BB8C-44F7-9435-A43220F29B04}
	EndGlobalSection
EndGlobal
